
Microsoft Visual Studio Solution File, Format Version 12.00
Project("{FAE04EC0-301F-11D3-BF4B-00C04F79EFBC}") = "EX1_calculation_of_average", "EX1_calculation_of_average\EX1_calculation_of_average.csproj", "{9202C6FF-B054-418B-A164-8878D6A4B008}"
EndProject
Global
	GlobalSection(SolutionConfigurationPlatforms) = preSolution
		Debug|Any CPU = Debug|Any CPU
		Release|Any CPU = Release|Any CPU
	EndGlobalSection
	GlobalSection(ProjectConfigurationPlatforms) = postSolution
		{9202C6FF-B054-418B-A164-8878D6A4B008}.Debug|Any CPU.ActiveCfg = Debug|Any CPU
		{9202C6FF-B054-418B-A164-8878D6A4B008}.Debug|Any CPU.Build.0 = Debug|Any CPU
		{9202C6FF-B054-418B-A164-8878D6A4B008}.Release|Any CPU.ActiveCfg = Release|Any CPU
		{9202C6FF-B054-418B-A164-8878D6A4B008}.Release|Any CPU.Build.0 = Release|Any CPU
	EndGlobalSection
EndGlobal
